
Microsoft Visual Studio Solution File, Format Version 12.00
# Visual Studio Version 17
VisualStudioVersion = 17.4.33213.308
MinimumVisualStudioVersion = 10.0.40219.1
Project("{FAE04EC0-301F-11D3-BF4B-00C04F79EFBC}") = "SellBooksNow.Gateway", "SellBooksNow.Gateway\SellBooksNow.Gateway.csproj", "{712B20C6-23EE-42F5-AF44-45B8E6A2757F}"
EndProject
Project("{FAE04EC0-301F-11D3-BF4B-00C04F79EFBC}") = "SellBooksNow.Books", "SellBooksNow.Books\SellBooksNow.Books.csproj", "{9B49E057-B2B7-4D2D-95BF-03599C4AF8AA}"
EndProject
Global
	GlobalSection(SolutionConfigurationPlatforms) = preSolution
		Debug|Any CPU = Debug|Any CPU
		Release|Any CPU = Release|Any CPU
	EndGlobalSection
	GlobalSection(ProjectConfigurationPlatforms) = postSolution
		{712B20C6-23EE-42F5-AF44-45B8E6A2757F}.Debug|Any CPU.ActiveCfg = Debug|Any CPU
		{712B20C6-23EE-42F5-AF44-45B8E6A2757F}.Debug|Any CPU.Build.0 = Debug|Any CPU
		{712B20C6-23EE-42F5-AF44-45B8E6A2757F}.Release|Any CPU.ActiveCfg = Release|Any CPU
		{712B20C6-23EE-42F5-AF44-45B8E6A2757F}.Release|Any CPU.Build.0 = Release|Any CPU
		{9B49E057-B2B7-4D2D-95BF-03599C4AF8AA}.Debug|Any CPU.ActiveCfg = Debug|Any CPU
		{9B49E057-B2B7-4D2D-95BF-03599C4AF8AA}.Debug|Any CPU.Build.0 = Debug|Any CPU
		{9B49E057-B2B7-4D2D-95BF-03599C4AF8AA}.Release|Any CPU.ActiveCfg = Release|Any CPU
		{9B49E057-B2B7-4D2D-95BF-03599C4AF8AA}.Release|Any CPU.Build.0 = Release|Any CPU
	EndGlobalSection
	GlobalSection(SolutionProperties) = preSolution
		HideSolutionNode = FALSE
	EndGlobalSection
	GlobalSection(ExtensibilityGlobals) = postSolution
		SolutionGuid = {AB97F698-2862-4D12-99C0-FF1805D35F67}
	EndGlobalSection
EndGlobal
